
Microsoft Visual Studio Solution File, Format Version 12.00
# Visual Studio 15
VisualStudioVersion = 15.0.28010.2036
MinimumVisualStudioVersion = 10.0.40219.1
Project("{FAE04EC0-301F-11D3-BF4B-00C04F79EFBC}") = "LoanApplication", "LoanApplication\LoanApplication.csproj", "{D3EA47E1-5463-47CB-9F3C-CB264DFF3E24}"
EndProject
Project("{FAE04EC0-301F-11D3-BF4B-00C04F79EFBC}") = "LoanAppClassLibrary", "LoanAppClassLibrary\LoanAppClassLibrary.csproj", "{0CC616B8-F4DB-41FB-BBFC-793EF28286F0}"
EndProject
Global
	GlobalSection(SolutionConfigurationPlatforms) = preSolution
		Debug|Any CPU = Debug|Any CPU
		Release|Any CPU = Release|Any CPU
	EndGlobalSection
	GlobalSection(ProjectConfigurationPlatforms) = postSolution
		{D3EA47E1-5463-47CB-9F3C-CB264DFF3E24}.Debug|Any CPU.ActiveCfg = Debug|Any CPU
		{D3EA47E1-5463-47CB-9F3C-CB264DFF3E24}.Debug|Any CPU.Build.0 = Debug|Any CPU
		{D3EA47E1-5463-47CB-9F3C-CB264DFF3E24}.Release|Any CPU.ActiveCfg = Release|Any CPU
		{D3EA47E1-5463-47CB-9F3C-CB264DFF3E24}.Release|Any CPU.Build.0 = Release|Any CPU
		{0CC616B8-F4DB-41FB-BBFC-793EF28286F0}.Debug|Any CPU.ActiveCfg = Debug|Any CPU
		{0CC616B8-F4DB-41FB-BBFC-793EF28286F0}.Debug|Any CPU.Build.0 = Debug|Any CPU
		{0CC616B8-F4DB-41FB-BBFC-793EF28286F0}.Release|Any CPU.ActiveCfg = Release|Any CPU
		{0CC616B8-F4DB-41FB-BBFC-793EF28286F0}.Release|Any CPU.Build.0 = Release|Any CPU
	EndGlobalSection
	GlobalSection(SolutionProperties) = preSolution
		HideSolutionNode = FALSE
	EndGlobalSection
	GlobalSection(ExtensibilityGlobals) = postSolution
		SolutionGuid = {A2AA8498-B22F-4B80-A949-4CF8B04C76AF}
	EndGlobalSection
EndGlobal
